
Microsoft Visual Studio Solution File, Format Version 12.00
# Visual Studio 2013
VisualStudioVersion = 12.0.31101.0
MinimumVisualStudioVersion = 10.0.40219.1
Project("{2150E333-8FDC-42A3-9474-1A3956D46DE8}") = "0 - Presentation", "0 - Presentation", "{E301EACA-830D-4FA9-BEE5-00774B97C524}"
EndProject
Project("{FAE04EC0-301F-11D3-BF4B-00C04F79EFBC}") = "IOpniao.Presentation", "IOpniao.Presentation\IOpniao.Presentation.csproj", "{27372650-22E8-402D-8EDE-EED876D959C9}"
EndProject
Project("{2150E333-8FDC-42A3-9474-1A3956D46DE8}") = "1 - Domain", "1 - Domain", "{D8317AA7-436A-43C8-ACEB-4B1C534A2ADF}"
EndProject
Project("{FAE04EC0-301F-11D3-BF4B-00C04F79EFBC}") = "IOpniao.Domain", "IOpniao.Domain\IOpniao.Domain.csproj", "{CED7F06E-938D-4B2C-B4FE-C6FD6BEB4F66}"
EndProject
Global
	GlobalSection(SolutionConfigurationPlatforms) = preSolution
		Debug|Any CPU = Debug|Any CPU
		Release|Any CPU = Release|Any CPU
	EndGlobalSection
	GlobalSection(ProjectConfigurationPlatforms) = postSolution
		{27372650-22E8-402D-8EDE-EED876D959C9}.Debug|Any CPU.ActiveCfg = Debug|Any CPU
		{27372650-22E8-402D-8EDE-EED876D959C9}.Debug|Any CPU.Build.0 = Debug|Any CPU
		{27372650-22E8-402D-8EDE-EED876D959C9}.Release|Any CPU.ActiveCfg = Release|Any CPU
		{27372650-22E8-402D-8EDE-EED876D959C9}.Release|Any CPU.Build.0 = Release|Any CPU
		{CED7F06E-938D-4B2C-B4FE-C6FD6BEB4F66}.Debug|Any CPU.ActiveCfg = Debug|Any CPU
		{CED7F06E-938D-4B2C-B4FE-C6FD6BEB4F66}.Debug|Any CPU.Build.0 = Debug|Any CPU
		{CED7F06E-938D-4B2C-B4FE-C6FD6BEB4F66}.Release|Any CPU.ActiveCfg = Release|Any CPU
		{CED7F06E-938D-4B2C-B4FE-C6FD6BEB4F66}.Release|Any CPU.Build.0 = Release|Any CPU
	EndGlobalSection
	GlobalSection(SolutionProperties) = preSolution
		HideSolutionNode = FALSE
	EndGlobalSection
	GlobalSection(NestedProjects) = preSolution
		{27372650-22E8-402D-8EDE-EED876D959C9} = {E301EACA-830D-4FA9-BEE5-00774B97C524}
		{CED7F06E-938D-4B2C-B4FE-C6FD6BEB4F66} = {D8317AA7-436A-43C8-ACEB-4B1C534A2ADF}
	EndGlobalSection
EndGlobal
